
Microsoft Visual Studio Solution File, Format Version 12.00
# Visual Studio Version 16
VisualStudioVersion = 16.0.31702.278
MinimumVisualStudioVersion = 10.0.40219.1
Project("{2150E333-8FDC-42A3-9474-1A3956D46DE8}") = "src", "src", "{EBD6A733-E49C-4B32-9DBB-6951C902E8A9}"
EndProject
Project("{FAE04EC0-301F-11D3-BF4B-00C04F79EFBC}") = "SolidDesignPrinciples", "src\SolidDesignPrinciples\SolidDesignPrinciples.csproj", "{8E29C2A4-A709-4243-95A1-56C591727020}"
EndProject
Global
	GlobalSection(SolutionConfigurationPlatforms) = preSolution
		Debug|Any CPU = Debug|Any CPU
		Release|Any CPU = Release|Any CPU
	EndGlobalSection
	GlobalSection(ProjectConfigurationPlatforms) = postSolution
		{8E29C2A4-A709-4243-95A1-56C591727020}.Debug|Any CPU.ActiveCfg = Debug|Any CPU
		{8E29C2A4-A709-4243-95A1-56C591727020}.Debug|Any CPU.Build.0 = Debug|Any CPU
		{8E29C2A4-A709-4243-95A1-56C591727020}.Release|Any CPU.ActiveCfg = Release|Any CPU
		{8E29C2A4-A709-4243-95A1-56C591727020}.Release|Any CPU.Build.0 = Release|Any CPU
	EndGlobalSection
	GlobalSection(SolutionProperties) = preSolution
		HideSolutionNode = FALSE
	EndGlobalSection
	GlobalSection(NestedProjects) = preSolution
		{8E29C2A4-A709-4243-95A1-56C591727020} = {EBD6A733-E49C-4B32-9DBB-6951C902E8A9}
	EndGlobalSection
	GlobalSection(ExtensibilityGlobals) = postSolution
		SolutionGuid = {5777A3F9-9DFC-4EFF-AC54-BA098ED2232F}
	EndGlobalSection
EndGlobal
